
Microsoft Visual Studio Solution File, Format Version 12.00
# Visual Studio Version 17
VisualStudioVersion = 17.4.33213.308
MinimumVisualStudioVersion = 10.0.40219.1
Project("{9A19103F-16F7-4668-BE54-9A1E7A4F7556}") = "LakeStatsFront", "LakeStatsFront.csproj", "{DADD16BC-6724-4222-99E6-8E759C2CB211}"
EndProject
Global
	GlobalSection(SolutionConfigurationPlatforms) = preSolution
		Debug|Any CPU = Debug|Any CPU
		Release|Any CPU = Release|Any CPU
	EndGlobalSection
	GlobalSection(ProjectConfigurationPlatforms) = postSolution
		{DADD16BC-6724-4222-99E6-8E759C2CB211}.Debug|Any CPU.ActiveCfg = Debug|Any CPU
		{DADD16BC-6724-4222-99E6-8E759C2CB211}.Debug|Any CPU.Build.0 = Debug|Any CPU
		{DADD16BC-6724-4222-99E6-8E759C2CB211}.Release|Any CPU.ActiveCfg = Release|Any CPU
		{DADD16BC-6724-4222-99E6-8E759C2CB211}.Release|Any CPU.Build.0 = Release|Any CPU
	EndGlobalSection
	GlobalSection(SolutionProperties) = preSolution
		HideSolutionNode = FALSE
	EndGlobalSection
	GlobalSection(ExtensibilityGlobals) = postSolution
		SolutionGuid = {84D4925A-E54D-43EA-9B00-AFEB82C38EE5}
	EndGlobalSection
EndGlobal
